
Microsoft Visual Studio Solution File, Format Version 12.00
# Visual Studio 15
Project("{FAE04EC0-301F-11D3-BF4B-00C04F79EFBC}") = "Assembly-CSharp", "Assembly-CSharp.csproj", "{D0D24722-61E8-A349-7E52-E73B8B9F9217}"
EndProject
Project("{FAE04EC0-301F-11D3-BF4B-00C04F79EFBC}") = "Unity.2D.Tilemap.Extras", "Unity.2D.Tilemap.Extras.csproj", "{F370B0CE-8FF1-F620-7D43-9B92C9A0C036}"
EndProject
Project("{FAE04EC0-301F-11D3-BF4B-00C04F79EFBC}") = "Unity.2D.Tilemap.Extras.Editor", "Unity.2D.Tilemap.Extras.Editor.csproj", "{8BB541EA-CFE3-5C5C-586F-514F4B5241BF}"
EndProject
Global
	GlobalSection(SolutionConfigurationPlatforms) = preSolution
		Debug|Any CPU = Debug|Any CPU
		Release|Any CPU = Release|Any CPU
	EndGlobalSection
	GlobalSection(ProjectConfigurationPlatforms) = postSolution
		{D0D24722-61E8-A349-7E52-E73B8B9F9217}.Debug|Any CPU.ActiveCfg = Debug|Any CPU
		{D0D24722-61E8-A349-7E52-E73B8B9F9217}.Debug|Any CPU.Build.0 = Debug|Any CPU
		{D0D24722-61E8-A349-7E52-E73B8B9F9217}.Release|Any CPU.ActiveCfg = Release|Any CPU
		{D0D24722-61E8-A349-7E52-E73B8B9F9217}.Release|Any CPU.Build.0 = Release|Any CPU
		{F370B0CE-8FF1-F620-7D43-9B92C9A0C036}.Debug|Any CPU.ActiveCfg = Debug|Any CPU
		{F370B0CE-8FF1-F620-7D43-9B92C9A0C036}.Debug|Any CPU.Build.0 = Debug|Any CPU
		{F370B0CE-8FF1-F620-7D43-9B92C9A0C036}.Release|Any CPU.ActiveCfg = Release|Any CPU
		{F370B0CE-8FF1-F620-7D43-9B92C9A0C036}.Release|Any CPU.Build.0 = Release|Any CPU
		{8BB541EA-CFE3-5C5C-586F-514F4B5241BF}.Debug|Any CPU.ActiveCfg = Debug|Any CPU
		{8BB541EA-CFE3-5C5C-586F-514F4B5241BF}.Debug|Any CPU.Build.0 = Debug|Any CPU
		{8BB541EA-CFE3-5C5C-586F-514F4B5241BF}.Release|Any CPU.ActiveCfg = Release|Any CPU
		{8BB541EA-CFE3-5C5C-586F-514F4B5241BF}.Release|Any CPU.Build.0 = Release|Any CPU
	EndGlobalSection
	GlobalSection(SolutionProperties) = preSolution
		HideSolutionNode = FALSE
	EndGlobalSection
EndGlobal
